// !$*UTF8*$!
{
	archiveVersion = 1;
	classes = {
	};
	objectVersion = 56;
	objects = {

/* Begin PBXBuildFile section */
		F1C70C9D2A79ACB0005D5E6D /* HP_accountPageApp.swift in Sources */ = {isa = PBXBuildFile; fileRef = F1C70C9C2A79ACB0005D5E6D /* HP_accountPageApp.swift */; };
		F1C70C9F2A79ACB0005D5E6D /* ContentView.swift in Sources */ = {isa = PBXBuildFile; fileRef = F1C70C9E2A79ACB0005D5E6D /* ContentView.swift */; };
		F1C70CA12A79ACB1005D5E6D /* Assets.xcassets in Resources */ = {isa = PBXBuildFile; fileRef = F1C70CA02A79ACB1005D5E6D /* Assets.xcassets */; };
		F1C70CA42A79ACB1005D5E6D /* Preview Assets.xcassets in Resources */ = {isa = PBXBuildFile; fileRef = F1C70CA32A79ACB1005D5E6D /* Preview Assets.xcassets */; };
		F1C70CAE2A79ACB1005D5E6D /* HP_accountPageTests.swift in Sources */ = {isa = PBXBuildFile; fileRef = F1C70CAD2A79ACB1005D5E6D /* HP_accountPageTests.swift */; };
		F1C70CB82A79ACB1005D5E6D /* HP_accountPageUITests.swift in Sources */ = {isa = PBXBuildFile; fileRef = F1C70CB72A79ACB1005D5E6D /* HP_accountPageUITests.swift */; };
		F1C70CBA2A79ACB1005D5E6D /* HP_accountPageUITestsLaunchTests.swift in Sources */ = {isa = PBXBuildFile; fileRef = F1C70CB92A79ACB1005D5E6D /* HP_accountPageUITestsLaunchTests.swift */; };
/* End PBXBuildFile section */

/* Begin PBXContainerItemProxy section */
		F1C70CAA2A79ACB1005D5E6D /* PBXContainerItemProxy */ = {
			isa = PBXContainerItemProxy;
			containerPortal = F1C70C912A79ACB0005D5E6D /* Project object */;
			proxyType = 1;
			remoteGlobalIDString = F1C70C982A79ACB0005D5E6D;
			remoteInfo = HP_accountPage;
		};
		F1C70CB42A79ACB1005D5E6D /* PBXContainerItemProxy */ = {
			isa = PBXContainerItemProxy;
			containerPortal = F1C70C912A79ACB0005D5E6D /* Project object */;
			proxyType = 1;
			remoteGlobalIDString = F1C70C982A79ACB0005D5E6D;
			remoteInfo = HP_accountPage;
		};
/* End PBXContainerItemProxy section */

/* Begin PBXFileReference section */
		F1C70C992A79ACB0005D5E6D /* HP_accountPage.app */ = {isa = PBXFileReference; explicitFileType = wrapper.application; includeInIndex = 0; path = HP_accountPage.app; sourceTree = BUILT_PRODUCTS_DIR; };
		F1C70C9C2A79ACB0005D5E6D /* HP_accountPageApp.swift */ = {isa = PBXFileReference; lastKnownFileType = sourcecode.swift; path = HP_accountPageApp.swift; sourceTree = "<group>"; };
		F1C70C9E2A79ACB0005D5E6D /* ContentView.swift */ = {isa = PBXFileReference; lastKnownFileType = sourcecode.swift; path = ContentView.swift; sourceTree = "<group>"; };
		F1C70CA02A79ACB1005D5E6D /* Assets.xcassets */ = {isa = PBXFileReference; lastKnownFileType = folder.assetcatalog; path = Assets.xcassets; sourceTree = "<group>"; };
		F1C70CA32A79ACB1005D5E6D /* Preview Assets.xcassets */ = {isa = PBXFileReference; lastKnownFileType = folder.assetcatalog; path = "Preview Assets.xcassets"; sourceTree = "<group>"; };
		F1C70CA92A79ACB1005D5E6D /* HP_accountPageTests.xctest */ = {isa = PBXFileReference; explicitFileType = wrapper.cfbundle; includeInIndex = 0; path = HP_accountPageTests.xctest; sourceTree = BUILT_PRODUCTS_DIR; };
		F1C70CAD2A79ACB1005D5E6D /* HP_accountPageTests.swift */ = {isa = PBXFileReference; lastKnownFileType = sourcecode.swift; path = HP_accountPageTests.swift; sourceTree = "<group>"; };
		F1C70CB32A79ACB1005D5E6D /* HP_accountPageUITests.xctest */ = {isa = PBXFileReference; explicitFileType = wrapper.cfbundle; includeInIndex = 0; path = HP_accountPageUITests.xctest; sourceTree = BUILT_PRODUCTS_DIR; };
		F1C70CB72A79ACB1005D5E6D /* HP_accountPageUITests.swift */ = {isa = PBXFileReference; lastKnownFileType = sourcecode.swift; path = HP_accountPageUITests.swift; sourceTree = "<group>"; };
		F1C70CB92A79ACB1005D5E6D /* HP_accountPageUITestsLaunchTests.swift */ = {isa = PBXFileReference; lastKnownFileType = sourcecode.swift; path = HP_accountPageUITestsLaunchTests.swift; sourceTree = "<group>"; };
/* End PBXFileReference section */

/* Begin PBXFrameworksBuildPhase section */
		F1C70C962A79ACB0005D5E6D /* Frameworks */ = {
			isa = PBXFrameworksBuildPhase;
			buildActionMask = 2147483647;
			files = (
			);
			runOnlyForDeploymentPostprocessing = 0;
		};
		F1C70CA62A79ACB1005D5E6D /* Frameworks */ = {
			isa = PBXFrameworksBuildPhase;
			buildActionMask = 2147483647;
			files = (
			);
			runOnlyForDeploymentPostprocessing = 0;
		};
		F1C70CB02A79ACB1005D5E6D /* Frameworks */ = {
			isa = PBXFrameworksBuildPhase;
			buildActionMask = 2147483647;
			files = (
			);
			runOnlyForDeploymentPostprocessing = 0;
		};
/* End PBXFrameworksBuildPhase section */

/* Begin PBXGroup section */
		F1C70C902A79ACB0005D5E6D = {
			isa = PBXGroup;
			children = (
				F1C70C9B2A79ACB0005D5E6D /* HP_accountPage */,
				F1C70CAC2A79ACB1005D5E6D /* HP_accountPageTests */,
				F1C70CB62A79ACB1005D5E6D /* HP_accountPageUITests */,
				F1C70C9A2A79ACB0005D5E6D /* Products */,
			);
			sourceTree = "<group>";
		};
		F1C70C9A2A79ACB0005D5E6D /* Products */ = {
			isa = PBXGroup;
			children = (
				F1C70C992A79ACB0005D5E6D /* HP_accountPage.app */,
				F1C70CA92A79ACB1005D5E6D /* HP_accountPageTests.xctest */,
				F1C70CB32A79ACB1005D5E6D /* HP_accountPageUITests.xctest */,
			);
			name = Products;
			sourceTree = "<group>";
		};
		F1C70C9B2A79ACB0005D5E6D /* HP_accountPage */ = {
			isa = PBXGroup;
			children = (
				F1C70C9C2A79ACB0005D5E6D /* HP_accountPageApp.swift */,
				F1C70C9E2A79ACB0005D5E6D /* ContentView.swift */,
				F1C70CA02A79ACB1005D5E6D /* Assets.xcassets */,
				F1C70CA22A79ACB1005D5E6D /* Preview Content */,
			);
			path = HP_accountPage;
			sourceTree = "<group>";
		};
		F1C70CA22A79ACB1005D5E6D /* Preview Content */ = {
			isa = PBXGroup;
			children = (
				F1C70CA32A79ACB1005D5E6D /* Preview Assets.xcassets */,
			);
			path = "Preview Content";
			sourceTree = "<group>";
		};
		F1C70CAC2A79ACB1005D5E6D /* HP_accountPageTests */ = {
			isa = PBXGroup;
			children = (
				F1C70CAD2A79ACB1005D5E6D /* HP_accountPageTests.swift */,
			);
			path = HP_accountPageTests;
			sourceTree = "<group>";
		};
		F1C70CB62A79ACB1005D5E6D /* HP_accountPageUITests */ = {
			isa = PBXGroup;
			children = (
				F1C70CB72A79ACB1005D5E6D /* HP_accountPageUITests.swift */,
				F1C70CB92A79ACB1005D5E6D /* HP_accountPageUITestsLaunchTests.swift */,
			);
			path = HP_accountPageUITests;
			sourceTree = "<group>";
		};
/* End PBXGroup section */

/* Begin PBXNativeTarget section */
		F1C70C982A79ACB0005D5E6D /* HP_accountPage */ = {
			isa = PBXNativeTarget;
			buildConfigurationList = F1C70CBD2A79ACB1005D5E6D /* Build configuration list for PBXNativeTarget "HP_accountPage" */;
			buildPhases = (
				F1C70C952A79ACB0005D5E6D /* Sources */,
				F1C70C962A79ACB0005D5E6D /* Frameworks */,
				F1C70C972A79ACB0005D5E6D /* Resources */,
			);
			buildRules = (
			);
			dependencies = (
			);
			name = HP_accountPage;
			productName = HP_accountPage;
			productReference = F1C70C992A79ACB0005D5E6D /* HP_accountPage.app */;
			productType = "com.apple.product-type.application";
		};
		F1C70CA82A79ACB1005D5E6D /* HP_accountPageTests */ = {
			isa = PBXNativeTarget;
			buildConfigurationList = F1C70CC02A79ACB1005D5E6D /* Build configuration list for PBXNativeTarget "HP_accountPageTests" */;
			buildPhases = (
				F1C70CA52A79ACB1005D5E6D /* Sources */,
				F1C70CA62A79ACB1005D5E6D /* Frameworks */,
				F1C70CA72A79ACB1005D5E6D /* Resources */,
			);
			buildRules = (
			);
			dependencies = (
				F1C70CAB2A79ACB1005D5E6D /* PBXTargetDependency */,
			);
			name = HP_accountPageTests;
			productName = HP_accountPageTests;
			productReference = F1C70CA92A79ACB1005D5E6D /* HP_accountPageTests.xctest */;
			productType = "com.apple.product-type.bundle.unit-test";
		};
		F1C70CB22A79ACB1005D5E6D /* HP_accountPageUITests */ = {
			isa = PBXNativeTarget;
			buildConfigurationList = F1C70CC32A79ACB1005D5E6D /* Build configuration list for PBXNativeTarget "HP_accountPageUITests" */;
			buildPhases = (
				F1C70CAF2A79ACB1005D5E6D /* Sources */,
				F1C70CB02A79ACB1005D5E6D /* Frameworks */,
				F1C70CB12A79ACB1005D5E6D /* Resources */,
			);
			buildRules = (
			);
			dependencies = (
				F1C70CB52A79ACB1005D5E6D /* PBXTargetDependency */,
			);
			name = HP_accountPageUITests;
			productName = HP_accountPageUITests;
			productReference = F1C70CB32A79ACB1005D5E6D /* HP_accountPageUITests.xctest */;
			productType = "com.apple.product-type.bundle.ui-testing";
		};
/* End PBXNativeTarget section */

/* Begin PBXProject section */
		F1C70C912A79ACB0005D5E6D /* Project object */ = {
			isa = PBXProject;
			attributes = {
				BuildIndependentTargetsInParallel = 1;
				LastSwiftUpdateCheck = 1430;
				LastUpgradeCheck = 1430;
				TargetAttributes = {
					F1C70C982A79ACB0005D5E6D = {
						CreatedOnToolsVersion = 14.3.1;
					};
					F1C70CA82A79ACB1005D5E6D = {
						CreatedOnToolsVersion = 14.3.1;
						TestTargetID = F1C70C982A79ACB0005D5E6D;
					};
					F1C70CB22A79ACB1005D5E6D = {
						CreatedOnToolsVersion = 14.3.1;
						TestTargetID = F1C70C982A79ACB0005D5E6D;
					};
				};
			};
			buildConfigurationList = F1C70C942A79ACB0005D5E6D /* Build configuration list for PBXProject "HP_accountPage" */;
			compatibilityVersion = "Xcode 14.0";
			developmentRegion = en;
			hasScannedForEncodings = 0;
			knownRegions = (
				en,
				Base,
			);
			mainGroup = F1C70C902A79ACB0005D5E6D;
			productRefGroup = F1C70C9A2A79ACB0005D5E6D /* Products */;
			projectDirPath = "";
			projectRoot = "";
			targets = (
				F1C70C982A79ACB0005D5E6D /* HP_accountPage */,
				F1C70CA82A79ACB1005D5E6D /* HP_accountPageTests */,
				F1C70CB22A79ACB1005D5E6D /* HP_accountPageUITests */,
			);
		};
/* End PBXProject section */

/* Begin PBXResourcesBuildPhase section */
		F1C70C972A79ACB0005D5E6D /* Resources */ = {
			isa = PBXResourcesBuildPhase;
			buildActionMask = 2147483647;
			files = (
				F1C70CA42A79ACB1005D5E6D /* Preview Assets.xcassets in Resources */,
				F1C70CA12A79ACB1005D5E6D /* Assets.xcassets in Resources */,
			);
			runOnlyForDeploymentPostprocessing = 0;
		};
		F1C70CA72A79ACB1005D5E6D /* Resources */ = {
			isa = PBXResourcesBuildPhase;
			buildActionMask = 2147483647;
			files = (
			);
			runOnlyForDeploymentPostprocessing = 0;
		};
		F1C70CB12A79ACB1005D5E6D /* Resources */ = {
			isa = PBXResourcesBuildPhase;
			buildActionMask = 2147483647;
			files = (
			);
			runOnlyForDeploymentPostprocessing = 0;
		};
/* End PBXResourcesBuildPhase section */

/* Begin PBXSourcesBuildPhase section */
		F1C70C952A79ACB0005D5E6D /* Sources */ = {
			isa = PBXSourcesBuildPhase;
			buildActionMask = 2147483647;
			files = (
				F1C70C9F2A79ACB0005D5E6D /* ContentView.swift in Sources */,
				F1C70C9D2A79ACB0005D5E6D /* HP_accountPageApp.swift in Sources */,
			);
			runOnlyForDeploymentPostprocessing = 0;
		};
		F1C70CA52A79ACB1005D5E6D /* Sources */ = {
			isa = PBXSourcesBuildPhase;
			buildActionMask = 2147483647;
			files = (
				F1C70CAE2A79ACB1005D5E6D /* HP_accountPageTests.swift in Sources */,
			);
			runOnlyForDeploymentPostprocessing = 0;
		};
		F1C70CAF2A79ACB1005D5E6D /* Sources */ = {
			isa = PBXSourcesBuildPhase;
			buildActionMask = 2147483647;
			files = (
				F1C70CB82A79ACB1005D5E6D /* HP_accountPageUITests.swift in Sources */,
				F1C70CBA2A79ACB1005D5E6D /* HP_accountPageUITestsLaunchTests.swift in Sources */,
			);
			runOnlyForDeploymentPostprocessing = 0;
		};
/* End PBXSourcesBuildPhase section */

/* Begin PBXTargetDependency section */
		F1C70CAB2A79ACB1005D5E6D /* PBXTargetDependency */ = {
			isa = PBXTargetDependency;
			target = F1C70C982A79ACB0005D5E6D /* HP_accountPage */;
			targetProxy = F1C70CAA2A79ACB1005D5E6D /* PBXContainerItemProxy */;
		};
		F1C70CB52A79ACB1005D5E6D /* PBXTargetDependency */ = {
			isa = PBXTargetDependency;
			target = F1C70C982A79ACB0005D5E6D /* HP_accountPage */;
			targetProxy = F1C70CB42A79ACB1005D5E6D /* PBXContainerItemProxy */;
		};
/* End PBXTargetDependency section */

/* Begin XCBuildConfiguration section */
		F1C70CBB2A79ACB1005D5E6D /* Debug */ = {
			isa = XCBuildConfiguration;
			buildSettings = {
				ALWAYS_SEARCH_USER_PATHS = NO;
				CLANG_ANALYZER_NONNULL = YES;
				CLANG_ANALYZER_NUMBER_OBJECT_CONVERSION = YES_AGGRESSIVE;
				CLANG_CXX_LANGUAGE_STANDARD = "gnu++20";
				CLANG_ENABLE_MODULES = YES;
				CLANG_ENABLE_OBJC_ARC = YES;
				CLANG_ENABLE_OBJC_WEAK = YES;
				CLANG_WARN_BLOCK_CAPTURE_AUTORELEASING = YES;
				CLANG_WARN_BOOL_CONVERSION = YES;
				CLANG_WARN_COMMA = YES;
				CLANG_WARN_CONSTANT_CONVERSION = YES;
				CLANG_WARN_DEPRECATED_OBJC_IMPLEMENTATIONS = YES;
				CLANG_WARN_DIRECT_OBJC_ISA_USAGE = YES_ERROR;
				CLANG_WARN_DOCUMENTATION_COMMENTS = YES;
				CLANG_WARN_EMPTY_BODY = YES;
				CLANG_WARN_ENUM_CONVERSION = YES;
				CLANG_WARN_INFINITE_RECURSION = YES;
				CLANG_WARN_INT_CONVERSION = YES;
				CLANG_WARN_NON_LITERAL_NULL_CONVERSION = YES;
				CLANG_WARN_OBJC_IMPLICIT_RETAIN_SELF = YES;
				CLANG_WARN_OBJC_LITERAL_CONVERSION = YES;
				CLANG_WARN_OBJC_ROOT_CLASS = YES_ERROR;
				CLANG_WARN_QUOTED_INCLUDE_IN_FRAMEWORK_HEADER = YES;
				CLANG_WARN_RANGE_LOOP_ANALYSIS = YES;
				CLANG_WARN_STRICT_PROTOTYPES = YES;
				CLANG_WARN_SUSPICIOUS_MOVE = YES;
				CLANG_WARN_UNGUARDED_AVAILABILITY = YES_AGGRESSIVE;
				CLANG_WARN_UNREACHABLE_CODE = YES;
				CLANG_WARN__DUPLICATE_METHOD_MATCH = YES;
				COPY_PHASE_STRIP = NO;
				DEBUG_INFORMATION_FORMAT = dwarf;
				ENABLE_STRICT_OBJC_MSGSEND = YES;
				ENABLE_TESTABILITY = YES;
				GCC_C_LANGUAGE_STANDARD = gnu11;
				GCC_DYNAMIC_NO_PIC = NO;
				GCC_NO_COMMON_BLOCKS = YES;
				GCC_OPTIMIZATION_LEVEL = 0;
				GCC_PREPROCESSOR_DEFINITIONS = (
					"DEBUG=1",
					"$(inherited)",
				);
				GCC_WARN_64_TO_32_BIT_CONVERSION = YES;
				GCC_WARN_ABOUT_RETURN_TYPE = YES_ERROR;
				GCC_WARN_UNDECLARED_SELECTOR = YES;
				GCC_WARN_UNINITIALIZED_AUTOS = YES_AGGRESSIVE;
				GCC_WARN_UNUSED_FUNCTION = YES;
				GCC_WARN_UNUSED_VARIABLE = YES;
				IPHONEOS_DEPLOYMENT_TARGET = 16.4;
				MTL_ENABLE_DEBUG_INFO = INCLUDE_SOURCE;
				MTL_FAST_MATH = YES;
				ONLY_ACTIVE_ARCH = YES;
				SDKROOT = iphoneos;
				SWIFT_ACTIVE_COMPILATION_CONDITIONS = DEBUG;
				SWIFT_OPTIMIZATION_LEVEL = "-Onone";
			};
			name = Debug;
		};
		F1C70CBC2A79ACB1005D5E6D /* Release */ = {
			isa = XCBuildConfiguration;
			buildSettings = {
				ALWAYS_SEARCH_USER_PATHS = NO;
				CLANG_ANALYZER_NONNULL = YES;
				CLANG_ANALYZER_NUMBER_OBJECT_CONVERSION = YES_AGGRESSIVE;
				CLANG_CXX_LANGUAGE_STANDARD = "gnu++20";
				CLANG_ENABLE_MODULES = YES;
				CLANG_ENABLE_OBJC_ARC = YES;
				CLANG_ENABLE_OBJC_WEAK = YES;
				CLANG_WARN_BLOCK_CAPTURE_AUTORELEASING = YES;
				CLANG_WARN_BOOL_CONVERSION = YES;
				CLANG_WARN_COMMA = YES;
				CLANG_WARN_CONSTANT_CONVERSION = YES;
				CLANG_WARN_DEPRECATED_OBJC_IMPLEMENTATIONS = YES;
				CLANG_WARN_DIRECT_OBJC_ISA_USAGE = YES_ERROR;
				CLANG_WARN_DOCUMENTATION_COMMENTS = YES;
				CLANG_WARN_EMPTY_BODY = YES;
				CLANG_WARN_ENUM_CONVERSION = YES;
				CLANG_WARN_INFINITE_RECURSION = YES;
				CLANG_WARN_INT_CONVERSION = YES;
				CLANG_WARN_NON_LITERAL_NULL_CONVERSION = YES;
				CLANG_WARN_OBJC_IMPLICIT_RETAIN_SELF = YES;
				CLANG_WARN_OBJC_LITERAL_CONVERSION = YES;
				CLANG_WARN_OBJC_ROOT_CLASS = YES_ERROR;
				CLANG_WARN_QUOTED_INCLUDE_IN_FRAMEWORK_HEADER = YES;
				CLANG_WARN_RANGE_LOOP_ANALYSIS = YES;
				CLANG_WARN_STRICT_PROTOTYPES = YES;
				CLANG_WARN_SUSPICIOUS_MOVE = YES;
				CLANG_WARN_UNGUARDED_AVAILABILITY = YES_AGGRESSIVE;
				CLANG_WARN_UNREACHABLE_CODE = YES;
				CLANG_WARN__DUPLICATE_METHOD_MATCH = YES;
				COPY_PHASE_STRIP = NO;
				DEBUG_INFORMATION_FORMAT = "dwarf-with-dsym";
				ENABLE_NS_ASSERTIONS = NO;
				ENABLE_STRICT_OBJC_MSGSEND = YES;
				GCC_C_LANGUAGE_STANDARD = gnu11;
				GCC_NO_COMMON_BLOCKS = YES;
				GCC_WARN_64_TO_32_BIT_CONVERSION = YES;
				GCC_WARN_ABOUT_RETURN_TYPE = YES_ERROR;
				GCC_WARN_UNDECLARED_SELECTOR = YES;
				GCC_WARN_UNINITIALIZED_AUTOS = YES_AGGRESSIVE;
				GCC_WARN_UNUSED_FUNCTION = YES;
				GCC_WARN_UNUSED_VARIABLE = YES;
				IPHONEOS_DEPLOYMENT_TARGET = 16.4;
				MTL_ENABLE_DEBUG_INFO = NO;
				MTL_FAST_MATH = YES;
				SDKROOT = iphoneos;
				SWIFT_COMPILATION_MODE = wholemodule;
				SWIFT_OPTIMIZATION_LEVEL = "-O";
				VALIDATE_PRODUCT = YES;
			};
			name = Release;
		};
		F1C70CBE2A79ACB1005D5E6D /* Debug */ = {
			isa = XCBuildConfiguration;
			buildSettings = {
				ASSETCATALOG_COMPILER_APPICON_NAME = AppIcon;
				ASSETCATALOG_COMPILER_GLOBAL_ACCENT_COLOR_NAME = AccentColor;
				CODE_SIGN_STYLE = Automatic;
				CURRENT_PROJECT_VERSION = 1;
				DEVELOPMENT_ASSET_PATHS = "\"HP_accountPage/Preview Content\"";
				ENABLE_PREVIEWS = YES;
				GENERATE_INFOPLIST_FILE = YES;
				INFOPLIST_KEY_UIApplicationSceneManifest_Generation = YES;
				INFOPLIST_KEY_UIApplicationSupportsIndirectInputEvents = YES;
				INFOPLIST_KEY_UILaunchScreen_Generation = YES;
				INFOPLIST_KEY_UISupportedInterfaceOrientations_iPad = "UIInterfaceOrientationPortrait UIInterfaceOrientationPortraitUpsideDown UIInterfaceOrientationLandscapeLeft UIInterfaceOrientationLandscapeRight";
				INFOPLIST_KEY_UISupportedInterfaceOrientations_iPhone = "UIInterfaceOrientationPortrait UIInterfaceOrientationLandscapeLeft UIInterfaceOrientationLandscapeRight";
				LD_RUNPATH_SEARCH_PATHS = (
					"$(inherited)",
					"@executable_path/Frameworks",
				);
				MARKETING_VERSION = 1.0;
				PRODUCT_BUNDLE_IDENTIFIER = "Kode-With-Klossy.HP-accountPage";
				PRODUCT_NAME = "$(TARGET_NAME)";
				SWIFT_EMIT_LOC_STRINGS = YES;
				SWIFT_VERSION = 5.0;
				TARGETED_DEVICE_FAMILY = "1,2";
			};
			name = Debug;
		};
		F1C70CBF2A79ACB1005D5E6D /* Release */ = {
			isa = XCBuildConfiguration;
			buildSettings = {
				ASSETCATALOG_COMPILER_APPICON_NAME = AppIcon;
				ASSETCATALOG_COMPILER_GLOBAL_ACCENT_COLOR_NAME = AccentColor;
				CODE_SIGN_STYLE = Automatic;
				CURRENT_PROJECT_VERSION = 1;
				DEVELOPMENT_ASSET_PATHS = "\"HP_accountPage/Preview Content\"";
				ENABLE_PREVIEWS = YES;
				GENERATE_INFOPLIST_FILE = YES;
				INFOPLIST_KEY_UIApplicationSceneManifest_Generation = YES;
				INFOPLIST_KEY_UIApplicationSupportsIndirectInputEvents = YES;
				INFOPLIST_KEY_UILaunchScreen_Generation = YES;
				INFOPLIST_KEY_UISupportedInterfaceOrientations_iPad = "UIInterfaceOrientationPortrait UIInterfaceOrientationPortraitUpsideDown UIInterfaceOrientationLandscapeLeft UIInterfaceOrientationLandscapeRight";
				INFOPLIST_KEY_UISupportedInterfaceOrientations_iPhone = "UIInterfaceOrientationPortrait UIInterfaceOrientationLandscapeLeft UIInterfaceOrientationLandscapeRight";
				LD_RUNPATH_SEARCH_PATHS = (
					"$(inherited)",
					"@executable_path/Frameworks",
				);
				MARKETING_VERSION = 1.0;
				PRODUCT_BUNDLE_IDENTIFIER = "Kode-With-Klossy.HP-accountPage";
				PRODUCT_NAME = "$(TARGET_NAME)";
				SWIFT_EMIT_LOC_STRINGS = YES;
				SWIFT_VERSION = 5.0;
				TARGETED_DEVICE_FAMILY = "1,2";
			};
			name = Release;
		};
		F1C70CC12A79ACB1005D5E6D /* Debug */ = {
			isa = XCBuildConfiguration;
			buildSettings = {
				ALWAYS_EMBED_SWIFT_STANDARD_LIBRARIES = YES;
				BUNDLE_LOADER = "$(TEST_HOST)";
				CODE_SIGN_STYLE = Automatic;
				CURRENT_PROJECT_VERSION = 1;
				GENERATE_INFOPLIST_FILE = YES;
				IPHONEOS_DEPLOYMENT_TARGET = 16.4;
				MARKETING_VERSION = 1.0;
				PRODUCT_BUNDLE_IDENTIFIER = "Kode-With-Klossy.HP-accountPageTests";
				PRODUCT_NAME = "$(TARGET_NAME)";
				SWIFT_EMIT_LOC_STRINGS = NO;
				SWIFT_VERSION = 5.0;
				TARGETED_DEVICE_FAMILY = "1,2";
				TEST_HOST = "$(BUILT_PRODUCTS_DIR)/HP_accountPage.app/$(BUNDLE_EXECUTABLE_FOLDER_PATH)/HP_accountPage";
			};
			name = Debug;
		};
		F1C70CC22A79ACB1005D5E6D /* Release */ = {
			isa = XCBuildConfiguration;
			buildSettings = {
				ALWAYS_EMBED_SWIFT_STANDARD_LIBRARIES = YES;
				BUNDLE_LOADER = "$(TEST_HOST)";
				CODE_SIGN_STYLE = Automatic;
				CURRENT_PROJECT_VERSION = 1;
				GENERATE_INFOPLIST_FILE = YES;
				IPHONEOS_DEPLOYMENT_TARGET = 16.4;
				MARKETING_VERSION = 1.0;
				PRODUCT_BUNDLE_IDENTIFIER = "Kode-With-Klossy.HP-accountPageTests";
				PRODUCT_NAME = "$(TARGET_NAME)";
				SWIFT_EMIT_LOC_STRINGS = NO;
				SWIFT_VERSION = 5.0;
				TARGETED_DEVICE_FAMILY = "1,2";
				TEST_HOST = "$(BUILT_PRODUCTS_DIR)/HP_accountPage.app/$(BUNDLE_EXECUTABLE_FOLDER_PATH)/HP_accountPage";
			};
			name = Release;
		};
		F1C70CC42A79ACB1005D5E6D /* Debug */ = {
			isa = XCBuildConfiguration;
			buildSettings = {
				ALWAYS_EMBED_SWIFT_STANDARD_LIBRARIES = YES;
				CODE_SIGN_STYLE = Automatic;
				CURRENT_PROJECT_VERSION = 1;
				GENERATE_INFOPLIST_FILE = YES;
				MARKETING_VERSION = 1.0;
				PRODUCT_BUNDLE_IDENTIFIER = "Kode-With-Klossy.HP-accountPageUITests";
				PRODUCT_NAME = "$(TARGET_NAME)";
				SWIFT_EMIT_LOC_STRINGS = NO;
				SWIFT_VERSION = 5.0;
				TARGETED_DEVICE_FAMILY = "1,2";
				TEST_TARGET_NAME = HP_accountPage;
			};
			name = Debug;
		};
		F1C70CC52A79ACB1005D5E6D /* Release */ = {
			isa = XCBuildConfiguration;
			buildSettings = {
				ALWAYS_EMBED_SWIFT_STANDARD_LIBRARIES = YES;
				CODE_SIGN_STYLE = Automatic;
				CURRENT_PROJECT_VERSION = 1;
				GENERATE_INFOPLIST_FILE = YES;
				MARKETING_VERSION = 1.0;
				PRODUCT_BUNDLE_IDENTIFIER = "Kode-With-Klossy.HP-accountPageUITests";
				PRODUCT_NAME = "$(TARGET_NAME)";
				SWIFT_EMIT_LOC_STRINGS = NO;
				SWIFT_VERSION = 5.0;
				TARGETED_DEVICE_FAMILY = "1,2";
				TEST_TARGET_NAME = HP_accountPage;
			};
			name = Release;
		};
/* End XCBuildConfiguration section */

/* Begin XCConfigurationList section */
		F1C70C942A79ACB0005D5E6D /* Build configuration list for PBXProject "HP_accountPage" */ = {
			isa = XCConfigurationList;
			buildConfigurations = (
				F1C70CBB2A79ACB1005D5E6D /* Debug */,
				F1C70CBC2A79ACB1005D5E6D /* Release */,
			);
			defaultConfigurationIsVisible = 0;
			defaultConfigurationName = Release;
		};
		F1C70CBD2A79ACB1005D5E6D /* Build configuration list for PBXNativeTarget "HP_accountPage" */ = {
			isa = XCConfigurationList;
			buildConfigurations = (
				F1C70CBE2A79ACB1005D5E6D /* Debug */,
				F1C70CBF2A79ACB1005D5E6D /* Release */,
			);
			defaultConfigurationIsVisible = 0;
			defaultConfigurationName = Release;
		};
		F1C70CC02A79ACB1005D5E6D /* Build configuration list for PBXNativeTarget "HP_accountPageTests" */ = {
			isa = XCConfigurationList;
			buildConfigurations = (
				F1C70CC12A79ACB1005D5E6D /* Debug */,
				F1C70CC22A79ACB1005D5E6D /* Release */,
			);
			defaultConfigurationIsVisible = 0;
			defaultConfigurationName = Release;
		};
		F1C70CC32A79ACB1005D5E6D /* Build configuration list for PBXNativeTarget "HP_accountPageUITests" */ = {
			isa = XCConfigurationList;
			buildConfigurations = (
				F1C70CC42A79ACB1005D5E6D /* Debug */,
				F1C70CC52A79ACB1005D5E6D /* Release */,
			);
			defaultConfigurationIsVisible = 0;
			defaultConfigurationName = Release;
		};
/* End XCConfigurationList section */
	};
	rootObject = F1C70C912A79ACB0005D5E6D /* Project object */;
}
